// !$*UTF8*$!
{
	archiveVersion = 1;
	classes = {
	};
	objectVersion = 55;
	objects = {

/* Begin PBXBuildFile section */
		422B5F1127A97C8300D5E0C3 /* AppDelegate.swift in Sources */ = {isa = PBXBuildFile; fileRef = 422B5F1027A97C8300D5E0C3 /* AppDelegate.swift */; };
		422B5F1327A97C8300D5E0C3 /* SceneDelegate.swift in Sources */ = {isa = PBXBuildFile; fileRef = 422B5F1227A97C8300D5E0C3 /* SceneDelegate.swift */; };
		422B5F1527A97C8300D5E0C3 /* TaskListViewController.swift in Sources */ = {isa = PBXBuildFile; fileRef = 422B5F1427A97C8300D5E0C3 /* TaskListViewController.swift */; };
		422B5F1827A97C8300D5E0C3 /* Main.storyboard in Resources */ = {isa = PBXBuildFile; fileRef = 422B5F1627A97C8300D5E0C3 /* Main.storyboard */; };
		422B5F1B27A97C8300D5E0C3 /* MeisterTaskAssessment.xcdatamodeld in Sources */ = {isa = PBXBuildFile; fileRef = 422B5F1927A97C8300D5E0C3 /* MeisterTaskAssessment.xcdatamodeld */; };
		422B5F1D27A97C8700D5E0C3 /* Assets.xcassets in Resources */ = {isa = PBXBuildFile; fileRef = 422B5F1C27A97C8700D5E0C3 /* Assets.xcassets */; };
		422B5F2027A97C8700D5E0C3 /* LaunchScreen.storyboard in Resources */ = {isa = PBXBuildFile; fileRef = 422B5F1E27A97C8700D5E0C3 /* LaunchScreen.storyboard */; };
		422B5F2A27A9843300D5E0C3 /* Result.swift in Sources */ = {isa = PBXBuildFile; fileRef = 422B5F2927A9843300D5E0C3 /* Result.swift */; };
		422B5F2D27A9856500D5E0C3 /* TaskListRepository.swift in Sources */ = {isa = PBXBuildFile; fileRef = 422B5F2C27A9856500D5E0C3 /* TaskListRepository.swift */; };
		422B5F2F27A9896700D5E0C3 /* Bundle+Extensions.swift in Sources */ = {isa = PBXBuildFile; fileRef = 422B5F2E27A9896700D5E0C3 /* Bundle+Extensions.swift */; };
		422B5F3327A9972E00D5E0C3 /* TaskListViewModel.swift in Sources */ = {isa = PBXBuildFile; fileRef = 422B5F3227A9972E00D5E0C3 /* TaskListViewModel.swift */; };
		422B5F3627A9AD0F00D5E0C3 /* APIEndpoint.swift in Sources */ = {isa = PBXBuildFile; fileRef = 422B5F3527A9AD0F00D5E0C3 /* APIEndpoint.swift */; };
		422B5F3827A9AD6D00D5E0C3 /* API.swift in Sources */ = {isa = PBXBuildFile; fileRef = 422B5F3727A9AD6D00D5E0C3 /* API.swift */; };
		422B5F3D27A9DCCC00D5E0C3 /* TaskCell.swift in Sources */ = {isa = PBXBuildFile; fileRef = 422B5F3B27A9DCCC00D5E0C3 /* TaskCell.swift */; };
		422B5F3E27A9DCCC00D5E0C3 /* TaskCell.xib in Resources */ = {isa = PBXBuildFile; fileRef = 422B5F3C27A9DCCC00D5E0C3 /* TaskCell.xib */; };
		422B5F4327A9E51600D5E0C3 /* EmptySearchBarCell.swift in Sources */ = {isa = PBXBuildFile; fileRef = 422B5F4127A9E51600D5E0C3 /* EmptySearchBarCell.swift */; };
		422B5F4427A9E51600D5E0C3 /* EmptySearchBarCell.xib in Resources */ = {isa = PBXBuildFile; fileRef = 422B5F4227A9E51600D5E0C3 /* EmptySearchBarCell.xib */; };
		422B5F4827AA265C00D5E0C3 /* CoreDataManager.swift in Sources */ = {isa = PBXBuildFile; fileRef = 422B5F4727AA265C00D5E0C3 /* CoreDataManager.swift */; };
		422B5F4C27AA33D300D5E0C3 /* UIViewController+Extensions.swift in Sources */ = {isa = PBXBuildFile; fileRef = 422B5F4B27AA33D300D5E0C3 /* UIViewController+Extensions.swift */; };
		422B5F5027AA3BA400D5E0C3 /* NetworkConnection.swift in Sources */ = {isa = PBXBuildFile; fileRef = 422B5F4F27AA3BA400D5E0C3 /* NetworkConnection.swift */; };
		422B5F5427AA90C700D5E0C3 /* String+Extensions.swift in Sources */ = {isa = PBXBuildFile; fileRef = 422B5F5327AA90C700D5E0C3 /* String+Extensions.swift */; };
		429CE2E327AC8DBB00B3D5F9 /* TaskListDataSource.swift in Sources */ = {isa = PBXBuildFile; fileRef = 429CE2E227AC8DBB00B3D5F9 /* TaskListDataSource.swift */; };
		C0C1B11F993673BC0787C6A8 /* Pods_MeisterTaskAssessment.framework in Frameworks */ = {isa = PBXBuildFile; fileRef = FF59B27E84D68CB247553772 /* Pods_MeisterTaskAssessment.framework */; };
/* End PBXBuildFile section */

/* Begin PBXFileReference section */
		01409CAB834345AF4240DDDB /* Pods-MeisterTaskAssessment.release.xcconfig */ = {isa = PBXFileReference; includeInIndex = 1; lastKnownFileType = text.xcconfig; name = "Pods-MeisterTaskAssessment.release.xcconfig"; path = "Target Support Files/Pods-MeisterTaskAssessment/Pods-MeisterTaskAssessment.release.xcconfig"; sourceTree = "<group>"; };
		422B5F0D27A97C8300D5E0C3 /* MeisterTaskAssessment.app */ = {isa = PBXFileReference; explicitFileType = wrapper.application; includeInIndex = 0; path = MeisterTaskAssessment.app; sourceTree = BUILT_PRODUCTS_DIR; };
		422B5F1027A97C8300D5E0C3 /* AppDelegate.swift */ = {isa = PBXFileReference; lastKnownFileType = sourcecode.swift; path = AppDelegate.swift; sourceTree = "<group>"; };
		422B5F1227A97C8300D5E0C3 /* SceneDelegate.swift */ = {isa = PBXFileReference; lastKnownFileType = sourcecode.swift; path = SceneDelegate.swift; sourceTree = "<group>"; };
		422B5F1427A97C8300D5E0C3 /* TaskListViewController.swift */ = {isa = PBXFileReference; lastKnownFileType = sourcecode.swift; path = TaskListViewController.swift; sourceTree = "<group>"; };
		422B5F1727A97C8300D5E0C3 /* Base */ = {isa = PBXFileReference; lastKnownFileType = file.storyboard; name = Base; path = Base.lproj/Main.storyboard; sourceTree = "<group>"; };
		422B5F1A27A97C8300D5E0C3 /* MeisterTaskAssessment.xcdatamodel */ = {isa = PBXFileReference; lastKnownFileType = wrapper.xcdatamodel; path = MeisterTaskAssessment.xcdatamodel; sourceTree = "<group>"; };
		422B5F1C27A97C8700D5E0C3 /* Assets.xcassets */ = {isa = PBXFileReference; lastKnownFileType = folder.assetcatalog; path = Assets.xcassets; sourceTree = "<group>"; };
		422B5F1F27A97C8700D5E0C3 /* Base */ = {isa = PBXFileReference; lastKnownFileType = file.storyboard; name = Base; path = Base.lproj/LaunchScreen.storyboard; sourceTree = "<group>"; };
		422B5F2127A97C8700D5E0C3 /* Info.plist */ = {isa = PBXFileReference; lastKnownFileType = text.plist.xml; path = Info.plist; sourceTree = "<group>"; };
		422B5F2927A9843300D5E0C3 /* Result.swift */ = {isa = PBXFileReference; lastKnownFileType = sourcecode.swift; path = Result.swift; sourceTree = "<group>"; };
		422B5F2C27A9856500D5E0C3 /* TaskListRepository.swift */ = {isa = PBXFileReference; lastKnownFileType = sourcecode.swift; path = TaskListRepository.swift; sourceTree = "<group>"; };
		422B5F2E27A9896700D5E0C3 /* Bundle+Extensions.swift */ = {isa = PBXFileReference; lastKnownFileType = sourcecode.swift; path = "Bundle+Extensions.swift"; sourceTree = "<group>"; };
		422B5F3227A9972E00D5E0C3 /* TaskListViewModel.swift */ = {isa = PBXFileReference; lastKnownFileType = sourcecode.swift; path = TaskListViewModel.swift; sourceTree = "<group>"; };
		422B5F3527A9AD0F00D5E0C3 /* APIEndpoint.swift */ = {isa = PBXFileReference; lastKnownFileType = sourcecode.swift; path = APIEndpoint.swift; sourceTree = "<group>"; };
		422B5F3727A9AD6D00D5E0C3 /* API.swift */ = {isa = PBXFileReference; lastKnownFileType = sourcecode.swift; path = API.swift; sourceTree = "<group>"; };
		422B5F3B27A9DCCC00D5E0C3 /* TaskCell.swift */ = {isa = PBXFileReference; lastKnownFileType = sourcecode.swift; path = TaskCell.swift; sourceTree = "<group>"; };
		422B5F3C27A9DCCC00D5E0C3 /* TaskCell.xib */ = {isa = PBXFileReference; lastKnownFileType = file.xib; path = TaskCell.xib; sourceTree = "<group>"; };
		422B5F4127A9E51600D5E0C3 /* EmptySearchBarCell.swift */ = {isa = PBXFileReference; lastKnownFileType = sourcecode.swift; path = EmptySearchBarCell.swift; sourceTree = "<group>"; };
		422B5F4227A9E51600D5E0C3 /* EmptySearchBarCell.xib */ = {isa = PBXFileReference; lastKnownFileType = file.xib; path = EmptySearchBarCell.xib; sourceTree = "<group>"; };
		422B5F4727AA265C00D5E0C3 /* CoreDataManager.swift */ = {isa = PBXFileReference; lastKnownFileType = sourcecode.swift; path = CoreDataManager.swift; sourceTree = "<group>"; };
		422B5F4B27AA33D300D5E0C3 /* UIViewController+Extensions.swift */ = {isa = PBXFileReference; lastKnownFileType = sourcecode.swift; path = "UIViewController+Extensions.swift"; sourceTree = "<group>"; };
		422B5F4F27AA3BA400D5E0C3 /* NetworkConnection.swift */ = {isa = PBXFileReference; lastKnownFileType = sourcecode.swift; path = NetworkConnection.swift; sourceTree = "<group>"; };
		422B5F5327AA90C700D5E0C3 /* String+Extensions.swift */ = {isa = PBXFileReference; lastKnownFileType = sourcecode.swift; path = "String+Extensions.swift"; sourceTree = "<group>"; };
		429CE2E227AC8DBB00B3D5F9 /* TaskListDataSource.swift */ = {isa = PBXFileReference; lastKnownFileType = sourcecode.swift; path = TaskListDataSource.swift; sourceTree = "<group>"; };
		6CD69CDBB4161EA4ED7753DA /* Pods-MeisterTaskAssessment.debug.xcconfig */ = {isa = PBXFileReference; includeInIndex = 1; lastKnownFileType = text.xcconfig; name = "Pods-MeisterTaskAssessment.debug.xcconfig"; path = "Target Support Files/Pods-MeisterTaskAssessment/Pods-MeisterTaskAssessment.debug.xcconfig"; sourceTree = "<group>"; };
		FF59B27E84D68CB247553772 /* Pods_MeisterTaskAssessment.framework */ = {isa = PBXFileReference; explicitFileType = wrapper.framework; includeInIndex = 0; path = Pods_MeisterTaskAssessment.framework; sourceTree = BUILT_PRODUCTS_DIR; };
/* End PBXFileReference section */

/* Begin PBXFrameworksBuildPhase section */
		422B5F0A27A97C8300D5E0C3 /* Frameworks */ = {
			isa = PBXFrameworksBuildPhase;
			buildActionMask = 2147483647;
			files = (
				C0C1B11F993673BC0787C6A8 /* Pods_MeisterTaskAssessment.framework in Frameworks */,
			);
			runOnlyForDeploymentPostprocessing = 0;
		};
/* End PBXFrameworksBuildPhase section */

/* Begin PBXGroup section */
		422B5F0427A97C8300D5E0C3 = {
			isa = PBXGroup;
			children = (
				422B5F0F27A97C8300D5E0C3 /* MeisterTaskAssessment */,
				422B5F0E27A97C8300D5E0C3 /* Products */,
				82D68DA9BDD44A8ACA2A4BD7 /* Pods */,
				E493A32A253629873B23B6AF /* Frameworks */,
			);
			sourceTree = "<group>";
		};
		422B5F0E27A97C8300D5E0C3 /* Products */ = {
			isa = PBXGroup;
			children = (
				422B5F0D27A97C8300D5E0C3 /* MeisterTaskAssessment.app */,
			);
			name = Products;
			sourceTree = "<group>";
		};
		422B5F0F27A97C8300D5E0C3 /* MeisterTaskAssessment */ = {
			isa = PBXGroup;
			children = (
				422B5F5227AA81D900D5E0C3 /* Application */,
				422B5F5127AA818E00D5E0C3 /* Extensions */,
				422B5F4627AA263900D5E0C3 /* Network */,
				422B5F2B27A9854300D5E0C3 /* Service */,
				422B5F2827A9804000D5E0C3 /* Model  */,
				422B5F2727A97D1900D5E0C3 /* View */,
				422B5F3127A9970000D5E0C3 /* ViewModel */,
				422B5F1C27A97C8700D5E0C3 /* Assets.xcassets */,
				422B5F2127A97C8700D5E0C3 /* Info.plist */,
				422B5F1927A97C8300D5E0C3 /* MeisterTaskAssessment.xcdatamodeld */,
			);
			path = MeisterTaskAssessment;
			sourceTree = "<group>";
		};
		422B5F2727A97D1900D5E0C3 /* View */ = {
			isa = PBXGroup;
			children = (
				422B5F4927AA339200D5E0C3 /* Storyboards */,
				422B5F4527A9ECC400D5E0C3 /* Cells */,
				422B5F4D27AA340100D5E0C3 /* ViewController */,
			);
			path = View;
			sourceTree = "<group>";
		};
		422B5F2827A9804000D5E0C3 /* Model  */ = {
			isa = PBXGroup;
			children = (
				422B5F2927A9843300D5E0C3 /* Result.swift */,
			);
			path = "Model ";
			sourceTree = "<group>";
		};
		422B5F2B27A9854300D5E0C3 /* Service */ = {
			isa = PBXGroup;
			children = (
				422B5F4F27AA3BA400D5E0C3 /* NetworkConnection.swift */,
				422B5F4727AA265C00D5E0C3 /* CoreDataManager.swift */,
			);
			path = Service;
			sourceTree = "<group>";
		};
		422B5F3127A9970000D5E0C3 /* ViewModel */ = {
			isa = PBXGroup;
			children = (
				422B5F3227A9972E00D5E0C3 /* TaskListViewModel.swift */,
				429CE2E227AC8DBB00B3D5F9 /* TaskListDataSource.swift */,
			);
			path = ViewModel;
			sourceTree = "<group>";
		};
		422B5F4527A9ECC400D5E0C3 /* Cells */ = {
			isa = PBXGroup;
			children = (
				422B5F4127A9E51600D5E0C3 /* EmptySearchBarCell.swift */,
				422B5F4227A9E51600D5E0C3 /* EmptySearchBarCell.xib */,
				422B5F3B27A9DCCC00D5E0C3 /* TaskCell.swift */,
				422B5F3C27A9DCCC00D5E0C3 /* TaskCell.xib */,
			);
			path = Cells;
			sourceTree = "<group>";
		};
		422B5F4627AA263900D5E0C3 /* Network */ = {
			isa = PBXGroup;
			children = (
				422B5F3527A9AD0F00D5E0C3 /* APIEndpoint.swift */,
				422B5F3727A9AD6D00D5E0C3 /* API.swift */,
				422B5F2C27A9856500D5E0C3 /* TaskListRepository.swift */,
			);
			path = Network;
			sourceTree = "<group>";
		};
		422B5F4927AA339200D5E0C3 /* Storyboards */ = {
			isa = PBXGroup;
			children = (
				422B5F1627A97C8300D5E0C3 /* Main.storyboard */,
				422B5F1E27A97C8700D5E0C3 /* LaunchScreen.storyboard */,
			);
			path = Storyboards;
			sourceTree = "<group>";
		};
		422B5F4D27AA340100D5E0C3 /* ViewController */ = {
			isa = PBXGroup;
			children = (
				422B5F1427A97C8300D5E0C3 /* TaskListViewController.swift */,
			);
			path = ViewController;
			sourceTree = "<group>";
		};
		422B5F5127AA818E00D5E0C3 /* Extensions */ = {
			isa = PBXGroup;
			children = (
				422B5F4B27AA33D300D5E0C3 /* UIViewController+Extensions.swift */,
				422B5F2E27A9896700D5E0C3 /* Bundle+Extensions.swift */,
				422B5F5327AA90C700D5E0C3 /* String+Extensions.swift */,
			);
			path = Extensions;
			sourceTree = "<group>";
		};
		422B5F5227AA81D900D5E0C3 /* Application */ = {
			isa = PBXGroup;
			children = (
				422B5F1027A97C8300D5E0C3 /* AppDelegate.swift */,
				422B5F1227A97C8300D5E0C3 /* SceneDelegate.swift */,
			);
			path = Application;
			sourceTree = "<group>";
		};
		82D68DA9BDD44A8ACA2A4BD7 /* Pods */ = {
			isa = PBXGroup;
			children = (
				6CD69CDBB4161EA4ED7753DA /* Pods-MeisterTaskAssessment.debug.xcconfig */,
				01409CAB834345AF4240DDDB /* Pods-MeisterTaskAssessment.release.xcconfig */,
			);
			path = Pods;
			sourceTree = "<group>";
		};
		E493A32A253629873B23B6AF /* Frameworks */ = {
			isa = PBXGroup;
			children = (
				FF59B27E84D68CB247553772 /* Pods_MeisterTaskAssessment.framework */,
			);
			name = Frameworks;
			sourceTree = "<group>";
		};
/* End PBXGroup section */

/* Begin PBXNativeTarget section */
		422B5F0C27A97C8300D5E0C3 /* MeisterTaskAssessment */ = {
			isa = PBXNativeTarget;
			buildConfigurationList = 422B5F2427A97C8700D5E0C3 /* Build configuration list for PBXNativeTarget "MeisterTaskAssessment" */;
			buildPhases = (
				BA8F47E420E2122B8F304D7A /* [CP] Check Pods Manifest.lock */,
				422B5F0927A97C8300D5E0C3 /* Sources */,
				422B5F0A27A97C8300D5E0C3 /* Frameworks */,
				422B5F0B27A97C8300D5E0C3 /* Resources */,
				7DB3AF1DEB2E24F48CB0EA6F /* [CP] Embed Pods Frameworks */,
			);
			buildRules = (
			);
			dependencies = (
			);
			name = MeisterTaskAssessment;
			productName = MeisterTaskAssessment;
			productReference = 422B5F0D27A97C8300D5E0C3 /* MeisterTaskAssessment.app */;
			productType = "com.apple.product-type.application";
		};
/* End PBXNativeTarget section */

/* Begin PBXProject section */
		422B5F0527A97C8300D5E0C3 /* Project object */ = {
			isa = PBXProject;
			attributes = {
				BuildIndependentTargetsInParallel = 1;
				LastSwiftUpdateCheck = 1320;
				LastUpgradeCheck = 1320;
				TargetAttributes = {
					422B5F0C27A97C8300D5E0C3 = {
						CreatedOnToolsVersion = 13.2.1;
					};
				};
			};
			buildConfigurationList = 422B5F0827A97C8300D5E0C3 /* Build configuration list for PBXProject "MeisterTaskAssessment" */;
			compatibilityVersion = "Xcode 13.0";
			developmentRegion = en;
			hasScannedForEncodings = 0;
			knownRegions = (
				en,
				Base,
			);
			mainGroup = 422B5F0427A97C8300D5E0C3;
			productRefGroup = 422B5F0E27A97C8300D5E0C3 /* Products */;
			projectDirPath = "";
			projectRoot = "";
			targets = (
				422B5F0C27A97C8300D5E0C3 /* MeisterTaskAssessment */,
			);
		};
/* End PBXProject section */

/* Begin PBXResourcesBuildPhase section */
		422B5F0B27A97C8300D5E0C3 /* Resources */ = {
			isa = PBXResourcesBuildPhase;
			buildActionMask = 2147483647;
			files = (
				422B5F2027A97C8700D5E0C3 /* LaunchScreen.storyboard in Resources */,
				422B5F3E27A9DCCC00D5E0C3 /* TaskCell.xib in Resources */,
				422B5F1D27A97C8700D5E0C3 /* Assets.xcassets in Resources */,
				422B5F1827A97C8300D5E0C3 /* Main.storyboard in Resources */,
				422B5F4427A9E51600D5E0C3 /* EmptySearchBarCell.xib in Resources */,
			);
			runOnlyForDeploymentPostprocessing = 0;
		};
/* End PBXResourcesBuildPhase section */

/* Begin PBXShellScriptBuildPhase section */
		7DB3AF1DEB2E24F48CB0EA6F /* [CP] Embed Pods Frameworks */ = {
			isa = PBXShellScriptBuildPhase;
			buildActionMask = 2147483647;
			files = (
			);
			inputFileListPaths = (
				"${PODS_ROOT}/Target Support Files/Pods-MeisterTaskAssessment/Pods-MeisterTaskAssessment-frameworks-${CONFIGURATION}-input-files.xcfilelist",
			);
			name = "[CP] Embed Pods Frameworks";
			outputFileListPaths = (
				"${PODS_ROOT}/Target Support Files/Pods-MeisterTaskAssessment/Pods-MeisterTaskAssessment-frameworks-${CONFIGURATION}-output-files.xcfilelist",
			);
			runOnlyForDeploymentPostprocessing = 0;
			shellPath = /bin/sh;
			shellScript = "\"${PODS_ROOT}/Target Support Files/Pods-MeisterTaskAssessment/Pods-MeisterTaskAssessment-frameworks.sh\"\n";
			showEnvVarsInLog = 0;
		};
		BA8F47E420E2122B8F304D7A /* [CP] Check Pods Manifest.lock */ = {
			isa = PBXShellScriptBuildPhase;
			buildActionMask = 2147483647;
			files = (
			);
			inputFileListPaths = (
			);
			inputPaths = (
				"${PODS_PODFILE_DIR_PATH}/Podfile.lock",
				"${PODS_ROOT}/Manifest.lock",
			);
			name = "[CP] Check Pods Manifest.lock";
			outputFileListPaths = (
			);
			outputPaths = (
				"$(DERIVED_FILE_DIR)/Pods-MeisterTaskAssessment-checkManifestLockResult.txt",
			);
			runOnlyForDeploymentPostprocessing = 0;
			shellPath = /bin/sh;
			shellScript = "diff \"${PODS_PODFILE_DIR_PATH}/Podfile.lock\" \"${PODS_ROOT}/Manifest.lock\" > /dev/null\nif [ $? != 0 ] ; then\n    # print error to STDERR\n    echo \"error: The sandbox is not in sync with the Podfile.lock. Run 'pod install' or update your CocoaPods installation.\" >&2\n    exit 1\nfi\n# This output is used by Xcode 'outputs' to avoid re-running this script phase.\necho \"SUCCESS\" > \"${SCRIPT_OUTPUT_FILE_0}\"\n";
			showEnvVarsInLog = 0;
		};
/* End PBXShellScriptBuildPhase section */

/* Begin PBXSourcesBuildPhase section */
		422B5F0927A97C8300D5E0C3 /* Sources */ = {
			isa = PBXSourcesBuildPhase;
			buildActionMask = 2147483647;
			files = (
				422B5F2D27A9856500D5E0C3 /* TaskListRepository.swift in Sources */,
				422B5F3627A9AD0F00D5E0C3 /* APIEndpoint.swift in Sources */,
				422B5F2F27A9896700D5E0C3 /* Bundle+Extensions.swift in Sources */,
				422B5F2A27A9843300D5E0C3 /* Result.swift in Sources */,
				422B5F5427AA90C700D5E0C3 /* String+Extensions.swift in Sources */,
				422B5F3827A9AD6D00D5E0C3 /* API.swift in Sources */,
				422B5F4327A9E51600D5E0C3 /* EmptySearchBarCell.swift in Sources */,
				422B5F5027AA3BA400D5E0C3 /* NetworkConnection.swift in Sources */,
				429CE2E327AC8DBB00B3D5F9 /* TaskListDataSource.swift in Sources */,
				422B5F1B27A97C8300D5E0C3 /* MeisterTaskAssessment.xcdatamodeld in Sources */,
				422B5F4827AA265C00D5E0C3 /* CoreDataManager.swift in Sources */,
				422B5F4C27AA33D300D5E0C3 /* UIViewController+Extensions.swift in Sources */,
				422B5F3D27A9DCCC00D5E0C3 /* TaskCell.swift in Sources */,
				422B5F1527A97C8300D5E0C3 /* TaskListViewController.swift in Sources */,
				422B5F3327A9972E00D5E0C3 /* TaskListViewModel.swift in Sources */,
				422B5F1127A97C8300D5E0C3 /* AppDelegate.swift in Sources */,
				422B5F1327A97C8300D5E0C3 /* SceneDelegate.swift in Sources */,
			);
			runOnlyForDeploymentPostprocessing = 0;
		};
/* End PBXSourcesBuildPhase section */

/* Begin PBXVariantGroup section */
		422B5F1627A97C8300D5E0C3 /* Main.storyboard */ = {
			isa = PBXVariantGroup;
			children = (
				422B5F1727A97C8300D5E0C3 /* Base */,
			);
			name = Main.storyboard;
			sourceTree = "<group>";
		};
		422B5F1E27A97C8700D5E0C3 /* LaunchScreen.storyboard */ = {
			isa = PBXVariantGroup;
			children = (
				422B5F1F27A97C8700D5E0C3 /* Base */,
			);
			name = LaunchScreen.storyboard;
			sourceTree = "<group>";
		};
/* End PBXVariantGroup section */

/* Begin XCBuildConfiguration section */
		422B5F2227A97C8700D5E0C3 /* Debug */ = {
			isa = XCBuildConfiguration;
			buildSettings = {
				ALWAYS_SEARCH_USER_PATHS = NO;
				CLANG_ANALYZER_NONNULL = YES;
				CLANG_ANALYZER_NUMBER_OBJECT_CONVERSION = YES_AGGRESSIVE;
				CLANG_CXX_LANGUAGE_STANDARD = "gnu++17";
				CLANG_CXX_LIBRARY = "libc++";
				CLANG_ENABLE_MODULES = YES;
				CLANG_ENABLE_OBJC_ARC = YES;
				CLANG_ENABLE_OBJC_WEAK = YES;
				CLANG_WARN_BLOCK_CAPTURE_AUTORELEASING = YES;
				CLANG_WARN_BOOL_CONVERSION = YES;
				CLANG_WARN_COMMA = YES;
				CLANG_WARN_CONSTANT_CONVERSION = YES;
				CLANG_WARN_DEPRECATED_OBJC_IMPLEMENTATIONS = YES;
				CLANG_WARN_DIRECT_OBJC_ISA_USAGE = YES_ERROR;
				CLANG_WARN_DOCUMENTATION_COMMENTS = YES;
				CLANG_WARN_EMPTY_BODY = YES;
				CLANG_WARN_ENUM_CONVERSION = YES;
				CLANG_WARN_INFINITE_RECURSION = YES;
				CLANG_WARN_INT_CONVERSION = YES;
				CLANG_WARN_NON_LITERAL_NULL_CONVERSION = YES;
				CLANG_WARN_OBJC_IMPLICIT_RETAIN_SELF = YES;
				CLANG_WARN_OBJC_LITERAL_CONVERSION = YES;
				CLANG_WARN_OBJC_ROOT_CLASS = YES_ERROR;
				CLANG_WARN_QUOTED_INCLUDE_IN_FRAMEWORK_HEADER = YES;
				CLANG_WARN_RANGE_LOOP_ANALYSIS = YES;
				CLANG_WARN_STRICT_PROTOTYPES = YES;
				CLANG_WARN_SUSPICIOUS_MOVE = YES;
				CLANG_WARN_UNGUARDED_AVAILABILITY = YES_AGGRESSIVE;
				CLANG_WARN_UNREACHABLE_CODE = YES;
				CLANG_WARN__DUPLICATE_METHOD_MATCH = YES;
				COPY_PHASE_STRIP = NO;
				DEBUG_INFORMATION_FORMAT = dwarf;
				ENABLE_STRICT_OBJC_MSGSEND = YES;
				ENABLE_TESTABILITY = YES;
				GCC_C_LANGUAGE_STANDARD = gnu11;
				GCC_DYNAMIC_NO_PIC = NO;
				GCC_NO_COMMON_BLOCKS = YES;
				GCC_OPTIMIZATION_LEVEL = 0;
				GCC_PREPROCESSOR_DEFINITIONS = (
					"DEBUG=1",
					"$(inherited)",
				);
				GCC_WARN_64_TO_32_BIT_CONVERSION = YES;
				GCC_WARN_ABOUT_RETURN_TYPE = YES_ERROR;
				GCC_WARN_UNDECLARED_SELECTOR = YES;
				GCC_WARN_UNINITIALIZED_AUTOS = YES_AGGRESSIVE;
				GCC_WARN_UNUSED_FUNCTION = YES;
				GCC_WARN_UNUSED_VARIABLE = YES;
				IPHONEOS_DEPLOYMENT_TARGET = 15.2;
				MTL_ENABLE_DEBUG_INFO = INCLUDE_SOURCE;
				MTL_FAST_MATH = YES;
				ONLY_ACTIVE_ARCH = YES;
				SDKROOT = iphoneos;
				SWIFT_ACTIVE_COMPILATION_CONDITIONS = DEBUG;
				SWIFT_OPTIMIZATION_LEVEL = "-Onone";
			};
			name = Debug;
		};
		422B5F2327A97C8700D5E0C3 /* Release */ = {
			isa = XCBuildConfiguration;
			buildSettings = {
				ALWAYS_SEARCH_USER_PATHS = NO;
				CLANG_ANALYZER_NONNULL = YES;
				CLANG_ANALYZER_NUMBER_OBJECT_CONVERSION = YES_AGGRESSIVE;
				CLANG_CXX_LANGUAGE_STANDARD = "gnu++17";
				CLANG_CXX_LIBRARY = "libc++";
				CLANG_ENABLE_MODULES = YES;
				CLANG_ENABLE_OBJC_ARC = YES;
				CLANG_ENABLE_OBJC_WEAK = YES;
				CLANG_WARN_BLOCK_CAPTURE_AUTORELEASING = YES;
				CLANG_WARN_BOOL_CONVERSION = YES;
				CLANG_WARN_COMMA = YES;
				CLANG_WARN_CONSTANT_CONVERSION = YES;
				CLANG_WARN_DEPRECATED_OBJC_IMPLEMENTATIONS = YES;
				CLANG_WARN_DIRECT_OBJC_ISA_USAGE = YES_ERROR;
				CLANG_WARN_DOCUMENTATION_COMMENTS = YES;
				CLANG_WARN_EMPTY_BODY = YES;
				CLANG_WARN_ENUM_CONVERSION = YES;
				CLANG_WARN_INFINITE_RECURSION = YES;
				CLANG_WARN_INT_CONVERSION = YES;
				CLANG_WARN_NON_LITERAL_NULL_CONVERSION = YES;
				CLANG_WARN_OBJC_IMPLICIT_RETAIN_SELF = YES;
				CLANG_WARN_OBJC_LITERAL_CONVERSION = YES;
				CLANG_WARN_OBJC_ROOT_CLASS = YES_ERROR;
				CLANG_WARN_QUOTED_INCLUDE_IN_FRAMEWORK_HEADER = YES;
				CLANG_WARN_RANGE_LOOP_ANALYSIS = YES;
				CLANG_WARN_STRICT_PROTOTYPES = YES;
				CLANG_WARN_SUSPICIOUS_MOVE = YES;
				CLANG_WARN_UNGUARDED_AVAILABILITY = YES_AGGRESSIVE;
				CLANG_WARN_UNREACHABLE_CODE = YES;
				CLANG_WARN__DUPLICATE_METHOD_MATCH = YES;
				COPY_PHASE_STRIP = NO;
				DEBUG_INFORMATION_FORMAT = "dwarf-with-dsym";
				ENABLE_NS_ASSERTIONS = NO;
				ENABLE_STRICT_OBJC_MSGSEND = YES;
				GCC_C_LANGUAGE_STANDARD = gnu11;
				GCC_NO_COMMON_BLOCKS = YES;
				GCC_WARN_64_TO_32_BIT_CONVERSION = YES;
				GCC_WARN_ABOUT_RETURN_TYPE = YES_ERROR;
				GCC_WARN_UNDECLARED_SELECTOR = YES;
				GCC_WARN_UNINITIALIZED_AUTOS = YES_AGGRESSIVE;
				GCC_WARN_UNUSED_FUNCTION = YES;
				GCC_WARN_UNUSED_VARIABLE = YES;
				IPHONEOS_DEPLOYMENT_TARGET = 15.2;
				MTL_ENABLE_DEBUG_INFO = NO;
				MTL_FAST_MATH = YES;
				SDKROOT = iphoneos;
				SWIFT_COMPILATION_MODE = wholemodule;
				SWIFT_OPTIMIZATION_LEVEL = "-O";
				VALIDATE_PRODUCT = YES;
			};
			name = Release;
		};
		422B5F2527A97C8700D5E0C3 /* Debug */ = {
			isa = XCBuildConfiguration;
			baseConfigurationReference = 6CD69CDBB4161EA4ED7753DA /* Pods-MeisterTaskAssessment.debug.xcconfig */;
			buildSettings = {
				ASSETCATALOG_COMPILER_APPICON_NAME = AppIcon;
				ASSETCATALOG_COMPILER_GLOBAL_ACCENT_COLOR_NAME = AccentColor;
				CODE_SIGN_STYLE = Automatic;
				CURRENT_PROJECT_VERSION = 1;
				GENERATE_INFOPLIST_FILE = YES;
				INFOPLIST_FILE = MeisterTaskAssessment/Info.plist;
				INFOPLIST_KEY_UIApplicationSupportsIndirectInputEvents = YES;
				INFOPLIST_KEY_UILaunchStoryboardName = LaunchScreen;
				INFOPLIST_KEY_UIMainStoryboardFile = Main;
				INFOPLIST_KEY_UISupportedInterfaceOrientations_iPad = "UIInterfaceOrientationPortrait UIInterfaceOrientationPortraitUpsideDown UIInterfaceOrientationLandscapeLeft UIInterfaceOrientationLandscapeRight";
				INFOPLIST_KEY_UISupportedInterfaceOrientations_iPhone = "UIInterfaceOrientationPortrait UIInterfaceOrientationLandscapeLeft UIInterfaceOrientationLandscapeRight";
				IPHONEOS_DEPLOYMENT_TARGET = 14.0;
				LD_RUNPATH_SEARCH_PATHS = (
					"$(inherited)",
					"@executable_path/Frameworks",
				);
				MARKETING_VERSION = 1.0;
				PRODUCT_BUNDLE_IDENTIFIER = com.Moaaz.MeisterTaskAssessment;
				PRODUCT_NAME = "$(TARGET_NAME)";
				SWIFT_EMIT_LOC_STRINGS = YES;
				SWIFT_VERSION = 5.0;
				TARGETED_DEVICE_FAMILY = "1,2";
			};
			name = Debug;
		};
		422B5F2627A97C8700D5E0C3 /* Release */ = {
			isa = XCBuildConfiguration;
			baseConfigurationReference = 01409CAB834345AF4240DDDB /* Pods-MeisterTaskAssessment.release.xcconfig */;
			buildSettings = {
				ASSETCATALOG_COMPILER_APPICON_NAME = AppIcon;
				ASSETCATALOG_COMPILER_GLOBAL_ACCENT_COLOR_NAME = AccentColor;
				CODE_SIGN_STYLE = Automatic;
				CURRENT_PROJECT_VERSION = 1;
				GENERATE_INFOPLIST_FILE = YES;
				INFOPLIST_FILE = MeisterTaskAssessment/Info.plist;
				INFOPLIST_KEY_UIApplicationSupportsIndirectInputEvents = YES;
				INFOPLIST_KEY_UILaunchStoryboardName = LaunchScreen;
				INFOPLIST_KEY_UIMainStoryboardFile = Main;
				INFOPLIST_KEY_UISupportedInterfaceOrientations_iPad = "UIInterfaceOrientationPortrait UIInterfaceOrientationPortraitUpsideDown UIInterfaceOrientationLandscapeLeft UIInterfaceOrientationLandscapeRight";
				INFOPLIST_KEY_UISupportedInterfaceOrientations_iPhone = "UIInterfaceOrientationPortrait UIInterfaceOrientationLandscapeLeft UIInterfaceOrientationLandscapeRight";
				IPHONEOS_DEPLOYMENT_TARGET = 14.0;
				LD_RUNPATH_SEARCH_PATHS = (
					"$(inherited)",
					"@executable_path/Frameworks",
				);
				MARKETING_VERSION = 1.0;
				PRODUCT_BUNDLE_IDENTIFIER = com.Moaaz.MeisterTaskAssessment;
				PRODUCT_NAME = "$(TARGET_NAME)";
				SWIFT_EMIT_LOC_STRINGS = YES;
				SWIFT_VERSION = 5.0;
				TARGETED_DEVICE_FAMILY = "1,2";
			};
			name = Release;
		};
/* End XCBuildConfiguration section */

/* Begin XCConfigurationList section */
		422B5F0827A97C8300D5E0C3 /* Build configuration list for PBXProject "MeisterTaskAssessment" */ = {
			isa = XCConfigurationList;
			buildConfigurations = (
				422B5F2227A97C8700D5E0C3 /* Debug */,
				422B5F2327A97C8700D5E0C3 /* Release */,
			);
			defaultConfigurationIsVisible = 0;
			defaultConfigurationName = Release;
		};
		422B5F2427A97C8700D5E0C3 /* Build configuration list for PBXNativeTarget "MeisterTaskAssessment" */ = {
			isa = XCConfigurationList;
			buildConfigurations = (
				422B5F2527A97C8700D5E0C3 /* Debug */,
				422B5F2627A97C8700D5E0C3 /* Release */,
			);
			defaultConfigurationIsVisible = 0;
			defaultConfigurationName = Release;
		};
/* End XCConfigurationList section */

/* Begin XCVersionGroup section */
		422B5F1927A97C8300D5E0C3 /* MeisterTaskAssessment.xcdatamodeld */ = {
			isa = XCVersionGroup;
			children = (
				422B5F1A27A97C8300D5E0C3 /* MeisterTaskAssessment.xcdatamodel */,
			);
			currentVersion = 422B5F1A27A97C8300D5E0C3 /* MeisterTaskAssessment.xcdatamodel */;
			path = MeisterTaskAssessment.xcdatamodeld;
			sourceTree = "<group>";
			versionGroupType = wrapper.xcdatamodel;
		};
/* End XCVersionGroup section */
	};
	rootObject = 422B5F0527A97C8300D5E0C3 /* Project object */;
}
